// !$*UTF8*$!
{
	archiveVersion = 1;
	classes = {
	};
	objectVersion = 56;
	objects = {

/* Begin PBXBuildFile section */
		924CBE4B2A596DB400D0B021 /* BeerApp.swift in Sources */ = {isa = PBXBuildFile; fileRef = 924CBE4A2A596DB400D0B021 /* BeerApp.swift */; };
		924CBE4D2A596DB400D0B021 /* BeerListView.swift in Sources */ = {isa = PBXBuildFile; fileRef = 924CBE4C2A596DB400D0B021 /* BeerListView.swift */; };
		924CBE4F2A596DB600D0B021 /* Assets.xcassets in Resources */ = {isa = PBXBuildFile; fileRef = 924CBE4E2A596DB600D0B021 /* Assets.xcassets */; };
		924CBE522A596DB600D0B021 /* Preview Assets.xcassets in Resources */ = {isa = PBXBuildFile; fileRef = 924CBE512A596DB600D0B021 /* Preview Assets.xcassets */; };
		924CBE5C2A59843C00D0B021 /* Beer.swift in Sources */ = {isa = PBXBuildFile; fileRef = 924CBE5B2A59843C00D0B021 /* Beer.swift */; };
		924CBE5E2A59867B00D0B021 /* BeerViewModel.swift in Sources */ = {isa = PBXBuildFile; fileRef = 924CBE5D2A59867B00D0B021 /* BeerViewModel.swift */; };
		924CBE612A59876700D0B021 /* BeerAPI.swift in Sources */ = {isa = PBXBuildFile; fileRef = 924CBE602A59876700D0B021 /* BeerAPI.swift */; };
		924CBE632A5988F200D0B021 /* FetchingError.swift in Sources */ = {isa = PBXBuildFile; fileRef = 924CBE622A5988F200D0B021 /* FetchingError.swift */; };
		924CBE652A5991E400D0B021 /* BeerRow.swift in Sources */ = {isa = PBXBuildFile; fileRef = 924CBE642A5991E400D0B021 /* BeerRow.swift */; };
		924CBE682A5992A300D0B021 /* BeerImage.swift in Sources */ = {isa = PBXBuildFile; fileRef = 924CBE672A5992A300D0B021 /* BeerImage.swift */; };
		924CBE6B2A59943100D0B021 /* BeerDescriptionView.swift in Sources */ = {isa = PBXBuildFile; fileRef = 924CBE6A2A59943100D0B021 /* BeerDescriptionView.swift */; };
		924CBE712A5A13FE00D0B021 /* BeerDetailView.swift in Sources */ = {isa = PBXBuildFile; fileRef = 924CBE702A5A13FE00D0B021 /* BeerDetailView.swift */; };
		924CBE742A5A144800D0B021 /* BoilVolume.swift in Sources */ = {isa = PBXBuildFile; fileRef = 924CBE732A5A144800D0B021 /* BoilVolume.swift */; };
		924CBE762A5A148600D0B021 /* Ingredients.swift in Sources */ = {isa = PBXBuildFile; fileRef = 924CBE752A5A148600D0B021 /* Ingredients.swift */; };
		924CBE782A5A149E00D0B021 /* Hop.swift in Sources */ = {isa = PBXBuildFile; fileRef = 924CBE772A5A149E00D0B021 /* Hop.swift */; };
		924CBE7A2A5A14B700D0B021 /* Malt.swift in Sources */ = {isa = PBXBuildFile; fileRef = 924CBE792A5A14B700D0B021 /* Malt.swift */; };
		924CBE7D2A5A18AC00D0B021 /* FoodPairingDetails.swift in Sources */ = {isa = PBXBuildFile; fileRef = 924CBE7C2A5A18AC00D0B021 /* FoodPairingDetails.swift */; };
		924CBE7F2A5A193600D0B021 /* DescriptionDetails.swift in Sources */ = {isa = PBXBuildFile; fileRef = 924CBE7E2A5A193600D0B021 /* DescriptionDetails.swift */; };
		924CBE812A5A20B600D0B021 /* TaglineDetails.swift in Sources */ = {isa = PBXBuildFile; fileRef = 924CBE802A5A20B600D0B021 /* TaglineDetails.swift */; };
		924CBE832A5A239500D0B021 /* IngredientsDetails.swift in Sources */ = {isa = PBXBuildFile; fileRef = 924CBE822A5A239500D0B021 /* IngredientsDetails.swift */; };
		926EB03C2A5AA2F200DC9745 /* BeerBannerDetails.swift in Sources */ = {isa = PBXBuildFile; fileRef = 926EB03B2A5AA2F200DC9745 /* BeerBannerDetails.swift */; };
/* End PBXBuildFile section */

/* Begin PBXFileReference section */
		924CBE472A596DB400D0B021 /* Beer.app */ = {isa = PBXFileReference; explicitFileType = wrapper.application; includeInIndex = 0; path = Beer.app; sourceTree = BUILT_PRODUCTS_DIR; };
		924CBE4A2A596DB400D0B021 /* BeerApp.swift */ = {isa = PBXFileReference; lastKnownFileType = sourcecode.swift; path = BeerApp.swift; sourceTree = "<group>"; };
		924CBE4C2A596DB400D0B021 /* BeerListView.swift */ = {isa = PBXFileReference; lastKnownFileType = sourcecode.swift; path = BeerListView.swift; sourceTree = "<group>"; };
		924CBE4E2A596DB600D0B021 /* Assets.xcassets */ = {isa = PBXFileReference; lastKnownFileType = folder.assetcatalog; path = Assets.xcassets; sourceTree = "<group>"; };
		924CBE512A596DB600D0B021 /* Preview Assets.xcassets */ = {isa = PBXFileReference; lastKnownFileType = folder.assetcatalog; path = "Preview Assets.xcassets"; sourceTree = "<group>"; };
		924CBE5B2A59843C00D0B021 /* Beer.swift */ = {isa = PBXFileReference; lastKnownFileType = sourcecode.swift; path = Beer.swift; sourceTree = "<group>"; };
		924CBE5D2A59867B00D0B021 /* BeerViewModel.swift */ = {isa = PBXFileReference; lastKnownFileType = sourcecode.swift; path = BeerViewModel.swift; sourceTree = "<group>"; };
		924CBE602A59876700D0B021 /* BeerAPI.swift */ = {isa = PBXFileReference; lastKnownFileType = sourcecode.swift; path = BeerAPI.swift; sourceTree = "<group>"; };
		924CBE622A5988F200D0B021 /* FetchingError.swift */ = {isa = PBXFileReference; lastKnownFileType = sourcecode.swift; path = FetchingError.swift; sourceTree = "<group>"; };
		924CBE642A5991E400D0B021 /* BeerRow.swift */ = {isa = PBXFileReference; lastKnownFileType = sourcecode.swift; path = BeerRow.swift; sourceTree = "<group>"; };
		924CBE672A5992A300D0B021 /* BeerImage.swift */ = {isa = PBXFileReference; lastKnownFileType = sourcecode.swift; path = BeerImage.swift; sourceTree = "<group>"; };
		924CBE6A2A59943100D0B021 /* BeerDescriptionView.swift */ = {isa = PBXFileReference; lastKnownFileType = sourcecode.swift; path = BeerDescriptionView.swift; sourceTree = "<group>"; };
		924CBE702A5A13FE00D0B021 /* BeerDetailView.swift */ = {isa = PBXFileReference; lastKnownFileType = sourcecode.swift; path = BeerDetailView.swift; sourceTree = "<group>"; };
		924CBE732A5A144800D0B021 /* BoilVolume.swift */ = {isa = PBXFileReference; lastKnownFileType = sourcecode.swift; path = BoilVolume.swift; sourceTree = "<group>"; };
		924CBE752A5A148600D0B021 /* Ingredients.swift */ = {isa = PBXFileReference; lastKnownFileType = sourcecode.swift; path = Ingredients.swift; sourceTree = "<group>"; };
		924CBE772A5A149E00D0B021 /* Hop.swift */ = {isa = PBXFileReference; lastKnownFileType = sourcecode.swift; path = Hop.swift; sourceTree = "<group>"; };
		924CBE792A5A14B700D0B021 /* Malt.swift */ = {isa = PBXFileReference; lastKnownFileType = sourcecode.swift; path = Malt.swift; sourceTree = "<group>"; };
		924CBE7C2A5A18AC00D0B021 /* FoodPairingDetails.swift */ = {isa = PBXFileReference; lastKnownFileType = sourcecode.swift; path = FoodPairingDetails.swift; sourceTree = "<group>"; };
		924CBE7E2A5A193600D0B021 /* DescriptionDetails.swift */ = {isa = PBXFileReference; lastKnownFileType = sourcecode.swift; path = DescriptionDetails.swift; sourceTree = "<group>"; };
		924CBE802A5A20B600D0B021 /* TaglineDetails.swift */ = {isa = PBXFileReference; lastKnownFileType = sourcecode.swift; path = TaglineDetails.swift; sourceTree = "<group>"; };
		924CBE822A5A239500D0B021 /* IngredientsDetails.swift */ = {isa = PBXFileReference; lastKnownFileType = sourcecode.swift; path = IngredientsDetails.swift; sourceTree = "<group>"; };
		926EB03B2A5AA2F200DC9745 /* BeerBannerDetails.swift */ = {isa = PBXFileReference; lastKnownFileType = sourcecode.swift; path = BeerBannerDetails.swift; sourceTree = "<group>"; };
/* End PBXFileReference section */

/* Begin PBXFrameworksBuildPhase section */
		924CBE442A596DB400D0B021 /* Frameworks */ = {
			isa = PBXFrameworksBuildPhase;
			buildActionMask = 2147483647;
			files = (
			);
			runOnlyForDeploymentPostprocessing = 0;
		};
/* End PBXFrameworksBuildPhase section */

/* Begin PBXGroup section */
		924CBE3E2A596DB400D0B021 = {
			isa = PBXGroup;
			children = (
				924CBE492A596DB400D0B021 /* Beer */,
				924CBE482A596DB400D0B021 /* Products */,
			);
			sourceTree = "<group>";
		};
		924CBE482A596DB400D0B021 /* Products */ = {
			isa = PBXGroup;
			children = (
				924CBE472A596DB400D0B021 /* Beer.app */,
			);
			name = Products;
			sourceTree = "<group>";
		};
		924CBE492A596DB400D0B021 /* Beer */ = {
			isa = PBXGroup;
			children = (
				924CBE4A2A596DB400D0B021 /* BeerApp.swift */,
				924CBE582A59838400D0B021 /* Models */,
				924CBE592A59838900D0B021 /* Views */,
				924CBE5A2A59839400D0B021 /* ViewModels */,
				924CBE5F2A59875100D0B021 /* API */,
				924CBE4E2A596DB600D0B021 /* Assets.xcassets */,
				924CBE502A596DB600D0B021 /* Preview Content */,
			);
			path = Beer;
			sourceTree = "<group>";
		};
		924CBE502A596DB600D0B021 /* Preview Content */ = {
			isa = PBXGroup;
			children = (
				924CBE512A596DB600D0B021 /* Preview Assets.xcassets */,
			);
			path = "Preview Content";
			sourceTree = "<group>";
		};
		924CBE582A59838400D0B021 /* Models */ = {
			isa = PBXGroup;
			children = (
				924CBE5B2A59843C00D0B021 /* Beer.swift */,
				924CBE732A5A144800D0B021 /* BoilVolume.swift */,
				924CBE752A5A148600D0B021 /* Ingredients.swift */,
				924CBE772A5A149E00D0B021 /* Hop.swift */,
				924CBE792A5A14B700D0B021 /* Malt.swift */,
			);
			path = Models;
			sourceTree = "<group>";
		};
		924CBE592A59838900D0B021 /* Views */ = {
			isa = PBXGroup;
			children = (
				924CBE4C2A596DB400D0B021 /* BeerListView.swift */,
				924CBE702A5A13FE00D0B021 /* BeerDetailView.swift */,
				924CBE662A5991EB00D0B021 /* BeerListView+Components */,
				924CBE7B2A5A184200D0B021 /* BeerDetailView+Components */,
			);
			path = Views;
			sourceTree = "<group>";
		};
		924CBE5A2A59839400D0B021 /* ViewModels */ = {
			isa = PBXGroup;
			children = (
				924CBE5D2A59867B00D0B021 /* BeerViewModel.swift */,
			);
			path = ViewModels;
			sourceTree = "<group>";
		};
		924CBE5F2A59875100D0B021 /* API */ = {
			isa = PBXGroup;
			children = (
				924CBE602A59876700D0B021 /* BeerAPI.swift */,
				924CBE622A5988F200D0B021 /* FetchingError.swift */,
			);
			path = API;
			sourceTree = "<group>";
		};
		924CBE662A5991EB00D0B021 /* BeerListView+Components */ = {
			isa = PBXGroup;
			children = (
				924CBE642A5991E400D0B021 /* BeerRow.swift */,
				924CBE692A59941600D0B021 /* BeerRow+Components */,
			);
			path = "BeerListView+Components";
			sourceTree = "<group>";
		};
		924CBE692A59941600D0B021 /* BeerRow+Components */ = {
			isa = PBXGroup;
			children = (
				924CBE672A5992A300D0B021 /* BeerImage.swift */,
				924CBE6A2A59943100D0B021 /* BeerDescriptionView.swift */,
			);
			path = "BeerRow+Components";
			sourceTree = "<group>";
		};
		924CBE7B2A5A184200D0B021 /* BeerDetailView+Components */ = {
			isa = PBXGroup;
			children = (
				924CBE7C2A5A18AC00D0B021 /* FoodPairingDetails.swift */,
				926EB03B2A5AA2F200DC9745 /* BeerBannerDetails.swift */,
				924CBE7E2A5A193600D0B021 /* DescriptionDetails.swift */,
				924CBE802A5A20B600D0B021 /* TaglineDetails.swift */,
				924CBE822A5A239500D0B021 /* IngredientsDetails.swift */,
			);
			path = "BeerDetailView+Components";
			sourceTree = "<group>";
		};
/* End PBXGroup section */

/* Begin PBXNativeTarget section */
		924CBE462A596DB400D0B021 /* Beer */ = {
			isa = PBXNativeTarget;
			buildConfigurationList = 924CBE552A596DB600D0B021 /* Build configuration list for PBXNativeTarget "Beer" */;
			buildPhases = (
				924CBE432A596DB400D0B021 /* Sources */,
				924CBE442A596DB400D0B021 /* Frameworks */,
				924CBE452A596DB400D0B021 /* Resources */,
			);
			buildRules = (
			);
			dependencies = (
			);
			name = Beer;
			productName = Beer;
			productReference = 924CBE472A596DB400D0B021 /* Beer.app */;
			productType = "com.apple.product-type.application";
		};
/* End PBXNativeTarget section */

/* Begin PBXProject section */
		924CBE3F2A596DB400D0B021 /* Project object */ = {
			isa = PBXProject;
			attributes = {
				BuildIndependentTargetsInParallel = 1;
				LastSwiftUpdateCheck = 1420;
				LastUpgradeCheck = 1420;
				TargetAttributes = {
					924CBE462A596DB400D0B021 = {
						CreatedOnToolsVersion = 14.2;
					};
				};
			};
			buildConfigurationList = 924CBE422A596DB400D0B021 /* Build configuration list for PBXProject "Beer" */;
			compatibilityVersion = "Xcode 14.0";
			developmentRegion = en;
			hasScannedForEncodings = 0;
			knownRegions = (
				en,
				Base,
			);
			mainGroup = 924CBE3E2A596DB400D0B021;
			productRefGroup = 924CBE482A596DB400D0B021 /* Products */;
			projectDirPath = "";
			projectRoot = "";
			targets = (
				924CBE462A596DB400D0B021 /* Beer */,
			);
		};
/* End PBXProject section */

/* Begin PBXResourcesBuildPhase section */
		924CBE452A596DB400D0B021 /* Resources */ = {
			isa = PBXResourcesBuildPhase;
			buildActionMask = 2147483647;
			files = (
				924CBE522A596DB600D0B021 /* Preview Assets.xcassets in Resources */,
				924CBE4F2A596DB600D0B021 /* Assets.xcassets in Resources */,
			);
			runOnlyForDeploymentPostprocessing = 0;
		};
/* End PBXResourcesBuildPhase section */

/* Begin PBXSourcesBuildPhase section */
		924CBE432A596DB400D0B021 /* Sources */ = {
			isa = PBXSourcesBuildPhase;
			buildActionMask = 2147483647;
			files = (
				924CBE742A5A144800D0B021 /* BoilVolume.swift in Sources */,
				924CBE632A5988F200D0B021 /* FetchingError.swift in Sources */,
				924CBE5E2A59867B00D0B021 /* BeerViewModel.swift in Sources */,
				924CBE7A2A5A14B700D0B021 /* Malt.swift in Sources */,
				924CBE612A59876700D0B021 /* BeerAPI.swift in Sources */,
				926EB03C2A5AA2F200DC9745 /* BeerBannerDetails.swift in Sources */,
				924CBE762A5A148600D0B021 /* Ingredients.swift in Sources */,
				924CBE682A5992A300D0B021 /* BeerImage.swift in Sources */,
				924CBE4D2A596DB400D0B021 /* BeerListView.swift in Sources */,
				924CBE652A5991E400D0B021 /* BeerRow.swift in Sources */,
				924CBE5C2A59843C00D0B021 /* Beer.swift in Sources */,
				924CBE782A5A149E00D0B021 /* Hop.swift in Sources */,
				924CBE832A5A239500D0B021 /* IngredientsDetails.swift in Sources */,
				924CBE4B2A596DB400D0B021 /* BeerApp.swift in Sources */,
				924CBE7D2A5A18AC00D0B021 /* FoodPairingDetails.swift in Sources */,
				924CBE7F2A5A193600D0B021 /* DescriptionDetails.swift in Sources */,
				924CBE812A5A20B600D0B021 /* TaglineDetails.swift in Sources */,
				924CBE6B2A59943100D0B021 /* BeerDescriptionView.swift in Sources */,
				924CBE712A5A13FE00D0B021 /* BeerDetailView.swift in Sources */,
			);
			runOnlyForDeploymentPostprocessing = 0;
		};
/* End PBXSourcesBuildPhase section */

/* Begin XCBuildConfiguration section */
		924CBE532A596DB600D0B021 /* Debug */ = {
			isa = XCBuildConfiguration;
			buildSettings = {
				ALWAYS_SEARCH_USER_PATHS = NO;
				CLANG_ANALYZER_NONNULL = YES;
				CLANG_ANALYZER_NUMBER_OBJECT_CONVERSION = YES_AGGRESSIVE;
				CLANG_CXX_LANGUAGE_STANDARD = "gnu++20";
				CLANG_ENABLE_MODULES = YES;
				CLANG_ENABLE_OBJC_ARC = YES;
				CLANG_ENABLE_OBJC_WEAK = YES;
				CLANG_WARN_BLOCK_CAPTURE_AUTORELEASING = YES;
				CLANG_WARN_BOOL_CONVERSION = YES;
				CLANG_WARN_COMMA = YES;
				CLANG_WARN_CONSTANT_CONVERSION = YES;
				CLANG_WARN_DEPRECATED_OBJC_IMPLEMENTATIONS = YES;
				CLANG_WARN_DIRECT_OBJC_ISA_USAGE = YES_ERROR;
				CLANG_WARN_DOCUMENTATION_COMMENTS = YES;
				CLANG_WARN_EMPTY_BODY = YES;
				CLANG_WARN_ENUM_CONVERSION = YES;
				CLANG_WARN_INFINITE_RECURSION = YES;
				CLANG_WARN_INT_CONVERSION = YES;
				CLANG_WARN_NON_LITERAL_NULL_CONVERSION = YES;
				CLANG_WARN_OBJC_IMPLICIT_RETAIN_SELF = YES;
				CLANG_WARN_OBJC_LITERAL_CONVERSION = YES;
				CLANG_WARN_OBJC_ROOT_CLASS = YES_ERROR;
				CLANG_WARN_QUOTED_INCLUDE_IN_FRAMEWORK_HEADER = YES;
				CLANG_WARN_RANGE_LOOP_ANALYSIS = YES;
				CLANG_WARN_STRICT_PROTOTYPES = YES;
				CLANG_WARN_SUSPICIOUS_MOVE = YES;
				CLANG_WARN_UNGUARDED_AVAILABILITY = YES_AGGRESSIVE;
				CLANG_WARN_UNREACHABLE_CODE = YES;
				CLANG_WARN__DUPLICATE_METHOD_MATCH = YES;
				COPY_PHASE_STRIP = NO;
				DEBUG_INFORMATION_FORMAT = dwarf;
				ENABLE_STRICT_OBJC_MSGSEND = YES;
				ENABLE_TESTABILITY = YES;
				GCC_C_LANGUAGE_STANDARD = gnu11;
				GCC_DYNAMIC_NO_PIC = NO;
				GCC_NO_COMMON_BLOCKS = YES;
				GCC_OPTIMIZATION_LEVEL = 0;
				GCC_PREPROCESSOR_DEFINITIONS = (
					"DEBUG=1",
					"$(inherited)",
				);
				GCC_WARN_64_TO_32_BIT_CONVERSION = YES;
				GCC_WARN_ABOUT_RETURN_TYPE = YES_ERROR;
				GCC_WARN_UNDECLARED_SELECTOR = YES;
				GCC_WARN_UNINITIALIZED_AUTOS = YES_AGGRESSIVE;
				GCC_WARN_UNUSED_FUNCTION = YES;
				GCC_WARN_UNUSED_VARIABLE = YES;
				IPHONEOS_DEPLOYMENT_TARGET = 16.0;
				MTL_ENABLE_DEBUG_INFO = INCLUDE_SOURCE;
				MTL_FAST_MATH = YES;
				ONLY_ACTIVE_ARCH = YES;
				SDKROOT = iphoneos;
				SWIFT_ACTIVE_COMPILATION_CONDITIONS = DEBUG;
				SWIFT_OPTIMIZATION_LEVEL = "-Onone";
			};
			name = Debug;
		};
		924CBE542A596DB600D0B021 /* Release */ = {
			isa = XCBuildConfiguration;
			buildSettings = {
				ALWAYS_SEARCH_USER_PATHS = NO;
				CLANG_ANALYZER_NONNULL = YES;
				CLANG_ANALYZER_NUMBER_OBJECT_CONVERSION = YES_AGGRESSIVE;
				CLANG_CXX_LANGUAGE_STANDARD = "gnu++20";
				CLANG_ENABLE_MODULES = YES;
				CLANG_ENABLE_OBJC_ARC = YES;
				CLANG_ENABLE_OBJC_WEAK = YES;
				CLANG_WARN_BLOCK_CAPTURE_AUTORELEASING = YES;
				CLANG_WARN_BOOL_CONVERSION = YES;
				CLANG_WARN_COMMA = YES;
				CLANG_WARN_CONSTANT_CONVERSION = YES;
				CLANG_WARN_DEPRECATED_OBJC_IMPLEMENTATIONS = YES;
				CLANG_WARN_DIRECT_OBJC_ISA_USAGE = YES_ERROR;
				CLANG_WARN_DOCUMENTATION_COMMENTS = YES;
				CLANG_WARN_EMPTY_BODY = YES;
				CLANG_WARN_ENUM_CONVERSION = YES;
				CLANG_WARN_INFINITE_RECURSION = YES;
				CLANG_WARN_INT_CONVERSION = YES;
				CLANG_WARN_NON_LITERAL_NULL_CONVERSION = YES;
				CLANG_WARN_OBJC_IMPLICIT_RETAIN_SELF = YES;
				CLANG_WARN_OBJC_LITERAL_CONVERSION = YES;
				CLANG_WARN_OBJC_ROOT_CLASS = YES_ERROR;
				CLANG_WARN_QUOTED_INCLUDE_IN_FRAMEWORK_HEADER = YES;
				CLANG_WARN_RANGE_LOOP_ANALYSIS = YES;
				CLANG_WARN_STRICT_PROTOTYPES = YES;
				CLANG_WARN_SUSPICIOUS_MOVE = YES;
				CLANG_WARN_UNGUARDED_AVAILABILITY = YES_AGGRESSIVE;
				CLANG_WARN_UNREACHABLE_CODE = YES;
				CLANG_WARN__DUPLICATE_METHOD_MATCH = YES;
				COPY_PHASE_STRIP = NO;
				DEBUG_INFORMATION_FORMAT = "dwarf-with-dsym";
				ENABLE_NS_ASSERTIONS = NO;
				ENABLE_STRICT_OBJC_MSGSEND = YES;
				GCC_C_LANGUAGE_STANDARD = gnu11;
				GCC_NO_COMMON_BLOCKS = YES;
				GCC_WARN_64_TO_32_BIT_CONVERSION = YES;
				GCC_WARN_ABOUT_RETURN_TYPE = YES_ERROR;
				GCC_WARN_UNDECLARED_SELECTOR = YES;
				GCC_WARN_UNINITIALIZED_AUTOS = YES_AGGRESSIVE;
				GCC_WARN_UNUSED_FUNCTION = YES;
				GCC_WARN_UNUSED_VARIABLE = YES;
				IPHONEOS_DEPLOYMENT_TARGET = 16.0;
				MTL_ENABLE_DEBUG_INFO = NO;
				MTL_FAST_MATH = YES;
				SDKROOT = iphoneos;
				SWIFT_COMPILATION_MODE = wholemodule;
				SWIFT_OPTIMIZATION_LEVEL = "-O";
				VALIDATE_PRODUCT = YES;
			};
			name = Release;
		};
		924CBE562A596DB600D0B021 /* Debug */ = {
			isa = XCBuildConfiguration;
			buildSettings = {
				ASSETCATALOG_COMPILER_APPICON_NAME = AppIcon;
				ASSETCATALOG_COMPILER_GLOBAL_ACCENT_COLOR_NAME = AccentColor;
				CODE_SIGN_STYLE = Automatic;
				CURRENT_PROJECT_VERSION = 1;
				DEVELOPMENT_ASSET_PATHS = "\"Beer/Preview Content\"";
				DEVELOPMENT_TEAM = 48SG7ZG46A;
				ENABLE_PREVIEWS = YES;
				GENERATE_INFOPLIST_FILE = YES;
				INFOPLIST_KEY_UIApplicationSceneManifest_Generation = YES;
				INFOPLIST_KEY_UIApplicationSupportsIndirectInputEvents = YES;
				INFOPLIST_KEY_UILaunchScreen_Generation = YES;
				INFOPLIST_KEY_UISupportedInterfaceOrientations = UIInterfaceOrientationPortrait;
				IPHONEOS_DEPLOYMENT_TARGET = 16.0;
				LD_RUNPATH_SEARCH_PATHS = (
					"$(inherited)",
					"@executable_path/Frameworks",
				);
				MARKETING_VERSION = 1.0;
				PRODUCT_BUNDLE_IDENTIFIER = AristideLAUGA.Beer;
				PRODUCT_NAME = "$(TARGET_NAME)";
				SWIFT_EMIT_LOC_STRINGS = YES;
				SWIFT_VERSION = 5.0;
				TARGETED_DEVICE_FAMILY = "1,2";
			};
			name = Debug;
		};
		924CBE572A596DB600D0B021 /* Release */ = {
			isa = XCBuildConfiguration;
			buildSettings = {
				ASSETCATALOG_COMPILER_APPICON_NAME = AppIcon;
				ASSETCATALOG_COMPILER_GLOBAL_ACCENT_COLOR_NAME = AccentColor;
				CODE_SIGN_STYLE = Automatic;
				CURRENT_PROJECT_VERSION = 1;
				DEVELOPMENT_ASSET_PATHS = "\"Beer/Preview Content\"";
				DEVELOPMENT_TEAM = 48SG7ZG46A;
				ENABLE_PREVIEWS = YES;
				GENERATE_INFOPLIST_FILE = YES;
				INFOPLIST_KEY_UIApplicationSceneManifest_Generation = YES;
				INFOPLIST_KEY_UIApplicationSupportsIndirectInputEvents = YES;
				INFOPLIST_KEY_UILaunchScreen_Generation = YES;
				INFOPLIST_KEY_UISupportedInterfaceOrientations = UIInterfaceOrientationPortrait;
				IPHONEOS_DEPLOYMENT_TARGET = 16.0;
				LD_RUNPATH_SEARCH_PATHS = (
					"$(inherited)",
					"@executable_path/Frameworks",
				);
				MARKETING_VERSION = 1.0;
				PRODUCT_BUNDLE_IDENTIFIER = AristideLAUGA.Beer;
				PRODUCT_NAME = "$(TARGET_NAME)";
				SWIFT_EMIT_LOC_STRINGS = YES;
				SWIFT_VERSION = 5.0;
				TARGETED_DEVICE_FAMILY = "1,2";
			};
			name = Release;
		};
/* End XCBuildConfiguration section */

/* Begin XCConfigurationList section */
		924CBE422A596DB400D0B021 /* Build configuration list for PBXProject "Beer" */ = {
			isa = XCConfigurationList;
			buildConfigurations = (
				924CBE532A596DB600D0B021 /* Debug */,
				924CBE542A596DB600D0B021 /* Release */,
			);
			defaultConfigurationIsVisible = 0;
			defaultConfigurationName = Release;
		};
		924CBE552A596DB600D0B021 /* Build configuration list for PBXNativeTarget "Beer" */ = {
			isa = XCConfigurationList;
			buildConfigurations = (
				924CBE562A596DB600D0B021 /* Debug */,
				924CBE572A596DB600D0B021 /* Release */,
			);
			defaultConfigurationIsVisible = 0;
			defaultConfigurationName = Release;
		};
/* End XCConfigurationList section */
	};
	rootObject = 924CBE3F2A596DB400D0B021 /* Project object */;
}
